
Microsoft Visual Studio Solution File, Format Version 12.00
# Visual Studio Version 16
VisualStudioVersion = 16.0.28803.452
MinimumVisualStudioVersion = 10.0.40219.1
Project("{FAE04EC0-301F-11D3-BF4B-00C04F79EFBC}") = "Login Report", "Login Report\Login Report.csproj", "{AC27857A-A88E-4B6F-BA86-A4430A22A78C}"
EndProject
Global
	GlobalSection(SolutionConfigurationPlatforms) = preSolution
		Debug|Any CPU = Debug|Any CPU
		Release|Any CPU = Release|Any CPU
	EndGlobalSection
	GlobalSection(ProjectConfigurationPlatforms) = postSolution
		{AC27857A-A88E-4B6F-BA86-A4430A22A78C}.Debug|Any CPU.ActiveCfg = Debug|Any CPU
		{AC27857A-A88E-4B6F-BA86-A4430A22A78C}.Debug|Any CPU.Build.0 = Debug|Any CPU
		{AC27857A-A88E-4B6F-BA86-A4430A22A78C}.Release|Any CPU.ActiveCfg = Release|Any CPU
		{AC27857A-A88E-4B6F-BA86-A4430A22A78C}.Release|Any CPU.Build.0 = Release|Any CPU
	EndGlobalSection
	GlobalSection(SolutionProperties) = preSolution
		HideSolutionNode = FALSE
	EndGlobalSection
	GlobalSection(ExtensibilityGlobals) = postSolution
		SolutionGuid = {033646F0-DFAE-4F83-A9DE-F71FFDAA9E8D}
	EndGlobalSection
EndGlobal
